
Microsoft Visual Studio Solution File, Format Version 12.00
# Blend for Visual Studio 14
VisualStudioVersion = 14.0.22512.0
MinimumVisualStudioVersion = 10.0.40219.1
Project("{2150E333-8FDC-42A3-9474-1A3956D46DE8}") = "Natural input", "Natural input", "{C5AB5B5F-5CD6-411A-B410-F4941B71AD31}"
EndProject
Project("{D954291E-2A0B-460D-934E-DC6B0785DB48}") = "Natural input.Shared", "Natural input\Natural input.Shared\Natural input.Shared.shproj", "{6B993136-F8DF-4896-B823-6E56CD00AF3C}"
EndProject
Project("{FAE04EC0-301F-11D3-BF4B-00C04F79EFBC}") = "Natural input.Windows", "Natural input\Natural input.Windows\Natural input.Windows.csproj", "{4A4558B6-45A5-4589-BBAC-A00F85800180}"
EndProject
Project("{FAE04EC0-301F-11D3-BF4B-00C04F79EFBC}") = "Natural input.WindowsPhone", "Natural input\Natural input.WindowsPhone\Natural input.WindowsPhone.csproj", "{C6D2827C-4BF2-4748-9152-5A349CBCA028}"
EndProject
Global
	GlobalSection(SharedMSBuildProjectFiles) = preSolution
		Natural input\Natural input.Shared\Natural input.Shared.projitems*{4a4558b6-45a5-4589-bbac-a00f85800180}*SharedItemsImports = 4
		Natural input\Natural input.Shared\Natural input.Shared.projitems*{c6d2827c-4bf2-4748-9152-5a349cbca028}*SharedItemsImports = 4
		Natural input\Natural input.Shared\Natural input.Shared.projitems*{6b993136-f8df-4896-b823-6e56cd00af3c}*SharedItemsImports = 13
	EndGlobalSection
	GlobalSection(SolutionConfigurationPlatforms) = preSolution
		Debug|Any CPU = Debug|Any CPU
		Debug|ARM = Debug|ARM
		Debug|x64 = Debug|x64
		Debug|x86 = Debug|x86
		Release|Any CPU = Release|Any CPU
		Release|ARM = Release|ARM
		Release|x64 = Release|x64
		Release|x86 = Release|x86
	EndGlobalSection
	GlobalSection(ProjectConfigurationPlatforms) = postSolution
		{4A4558B6-45A5-4589-BBAC-A00F85800180}.Debug|Any CPU.ActiveCfg = Debug|Any CPU
		{4A4558B6-45A5-4589-BBAC-A00F85800180}.Debug|Any CPU.Build.0 = Debug|Any CPU
		{4A4558B6-45A5-4589-BBAC-A00F85800180}.Debug|Any CPU.Deploy.0 = Debug|Any CPU
		{4A4558B6-45A5-4589-BBAC-A00F85800180}.Debug|ARM.ActiveCfg = Debug|ARM
		{4A4558B6-45A5-4589-BBAC-A00F85800180}.Debug|ARM.Build.0 = Debug|ARM
		{4A4558B6-45A5-4589-BBAC-A00F85800180}.Debug|ARM.Deploy.0 = Debug|ARM
		{4A4558B6-45A5-4589-BBAC-A00F85800180}.Debug|x64.ActiveCfg = Debug|x64
		{4A4558B6-45A5-4589-BBAC-A00F85800180}.Debug|x64.Build.0 = Debug|x64
		{4A4558B6-45A5-4589-BBAC-A00F85800180}.Debug|x64.Deploy.0 = Debug|x64
		{4A4558B6-45A5-4589-BBAC-A00F85800180}.Debug|x86.ActiveCfg = Debug|x86
		{4A4558B6-45A5-4589-BBAC-A00F85800180}.Debug|x86.Build.0 = Debug|x86
		{4A4558B6-45A5-4589-BBAC-A00F85800180}.Debug|x86.Deploy.0 = Debug|x86
		{4A4558B6-45A5-4589-BBAC-A00F85800180}.Release|Any CPU.ActiveCfg = Release|Any CPU
		{4A4558B6-45A5-4589-BBAC-A00F85800180}.Release|Any CPU.Build.0 = Release|Any CPU
		{4A4558B6-45A5-4589-BBAC-A00F85800180}.Release|Any CPU.Deploy.0 = Release|Any CPU
		{4A4558B6-45A5-4589-BBAC-A00F85800180}.Release|ARM.ActiveCfg = Release|ARM
		{4A4558B6-45A5-4589-BBAC-A00F85800180}.Release|ARM.Build.0 = Release|ARM
		{4A4558B6-45A5-4589-BBAC-A00F85800180}.Release|ARM.Deploy.0 = Release|ARM
		{4A4558B6-45A5-4589-BBAC-A00F85800180}.Release|x64.ActiveCfg = Release|x64
		{4A4558B6-45A5-4589-BBAC-A00F85800180}.Release|x64.Build.0 = Release|x64
		{4A4558B6-45A5-4589-BBAC-A00F85800180}.Release|x64.Deploy.0 = Release|x64
		{4A4558B6-45A5-4589-BBAC-A00F85800180}.Release|x86.ActiveCfg = Release|x86
		{4A4558B6-45A5-4589-BBAC-A00F85800180}.Release|x86.Build.0 = Release|x86
		{4A4558B6-45A5-4589-BBAC-A00F85800180}.Release|x86.Deploy.0 = Release|x86
		{C6D2827C-4BF2-4748-9152-5A349CBCA028}.Debug|Any CPU.ActiveCfg = Debug|Any CPU
		{C6D2827C-4BF2-4748-9152-5A349CBCA028}.Debug|Any CPU.Build.0 = Debug|Any CPU
		{C6D2827C-4BF2-4748-9152-5A349CBCA028}.Debug|Any CPU.Deploy.0 = Debug|Any CPU
		{C6D2827C-4BF2-4748-9152-5A349CBCA028}.Debug|ARM.ActiveCfg = Debug|ARM
		{C6D2827C-4BF2-4748-9152-5A349CBCA028}.Debug|ARM.Build.0 = Debug|ARM
		{C6D2827C-4BF2-4748-9152-5A349CBCA028}.Debug|ARM.Deploy.0 = Debug|ARM
		{C6D2827C-4BF2-4748-9152-5A349CBCA028}.Debug|x64.ActiveCfg = Debug|Any CPU
		{C6D2827C-4BF2-4748-9152-5A349CBCA028}.Debug|x64.Build.0 = Debug|Any CPU
		{C6D2827C-4BF2-4748-9152-5A349CBCA028}.Debug|x64.Deploy.0 = Debug|Any CPU
		{C6D2827C-4BF2-4748-9152-5A349CBCA028}.Debug|x86.ActiveCfg = Debug|x86
		{C6D2827C-4BF2-4748-9152-5A349CBCA028}.Debug|x86.Build.0 = Debug|x86
		{C6D2827C-4BF2-4748-9152-5A349CBCA028}.Debug|x86.Deploy.0 = Debug|x86
		{C6D2827C-4BF2-4748-9152-5A349CBCA028}.Release|Any CPU.ActiveCfg = Release|Any CPU
		{C6D2827C-4BF2-4748-9152-5A349CBCA028}.Release|Any CPU.Build.0 = Release|Any CPU
		{C6D2827C-4BF2-4748-9152-5A349CBCA028}.Release|Any CPU.Deploy.0 = Release|Any CPU
		{C6D2827C-4BF2-4748-9152-5A349CBCA028}.Release|ARM.ActiveCfg = Release|ARM
		{C6D2827C-4BF2-4748-9152-5A349CBCA028}.Release|ARM.Build.0 = Release|ARM
		{C6D2827C-4BF2-4748-9152-5A349CBCA028}.Release|ARM.Deploy.0 = Release|ARM
		{C6D2827C-4BF2-4748-9152-5A349CBCA028}.Release|x64.ActiveCfg = Release|Any CPU
		{C6D2827C-4BF2-4748-9152-5A349CBCA028}.Release|x64.Build.0 = Release|Any CPU
		{C6D2827C-4BF2-4748-9152-5A349CBCA028}.Release|x64.Deploy.0 = Release|Any CPU
		{C6D2827C-4BF2-4748-9152-5A349CBCA028}.Release|x86.ActiveCfg = Release|x86
		{C6D2827C-4BF2-4748-9152-5A349CBCA028}.Release|x86.Build.0 = Release|x86
		{C6D2827C-4BF2-4748-9152-5A349CBCA028}.Release|x86.Deploy.0 = Release|x86
	EndGlobalSection
	GlobalSection(SolutionProperties) = preSolution
		HideSolutionNode = FALSE
	EndGlobalSection
	GlobalSection(NestedProjects) = preSolution
		{6B993136-F8DF-4896-B823-6E56CD00AF3C} = {C5AB5B5F-5CD6-411A-B410-F4941B71AD31}
		{4A4558B6-45A5-4589-BBAC-A00F85800180} = {C5AB5B5F-5CD6-411A-B410-F4941B71AD31}
		{C6D2827C-4BF2-4748-9152-5A349CBCA028} = {C5AB5B5F-5CD6-411A-B410-F4941B71AD31}
	EndGlobalSection
EndGlobal
